// !$*UTF8*$!
{
	archiveVersion = 1;
	classes = {
	};
	objectVersion = 46;
	objects = {

/* Begin PBXBuildFile section */
		AB3D08A21AD3A6B500B370AC /* TipModel.swift in Sources */ = {isa = PBXBuildFile; fileRef = AB3D08A11AD3A6B500B370AC /* TipModel.swift */; };
		AB4B56381AD3D629002689CB /* demo.gif in Resources */ = {isa = PBXBuildFile; fileRef = AB4B56371AD3D629002689CB /* demo.gif */; };
		AB4B563A1AD3DEE7002689CB /* LICENSE.txt in Resources */ = {isa = PBXBuildFile; fileRef = AB4B56391AD3DEE7002689CB /* LICENSE.txt */; };
		AB605B251AD36BB6004CDFB4 /* AppDelegate.swift in Sources */ = {isa = PBXBuildFile; fileRef = AB605B241AD36BB6004CDFB4 /* AppDelegate.swift */; };
		AB605B271AD36BB6004CDFB4 /* ViewController.swift in Sources */ = {isa = PBXBuildFile; fileRef = AB605B261AD36BB6004CDFB4 /* ViewController.swift */; };
		AB605B2A1AD36BB6004CDFB4 /* Main.storyboard in Resources */ = {isa = PBXBuildFile; fileRef = AB605B281AD36BB6004CDFB4 /* Main.storyboard */; };
		AB605B2C1AD36BB6004CDFB4 /* Images.xcassets in Resources */ = {isa = PBXBuildFile; fileRef = AB605B2B1AD36BB6004CDFB4 /* Images.xcassets */; };
		AB605B2F1AD36BB6004CDFB4 /* LaunchScreen.xib in Resources */ = {isa = PBXBuildFile; fileRef = AB605B2D1AD36BB6004CDFB4 /* LaunchScreen.xib */; };
		AB605B3B1AD36BB6004CDFB4 /* tipsTests.swift in Sources */ = {isa = PBXBuildFile; fileRef = AB605B3A1AD36BB6004CDFB4 /* tipsTests.swift */; };
		AB605B451AD379A5004CDFB4 /* SettingsViewController.swift in Sources */ = {isa = PBXBuildFile; fileRef = AB605B441AD379A5004CDFB4 /* SettingsViewController.swift */; };
		AB605B4A1AD386DB004CDFB4 /* README.md in Sources */ = {isa = PBXBuildFile; fileRef = AB605B491AD386DB004CDFB4 /* README.md */; };
/* End PBXBuildFile section */

/* Begin PBXContainerItemProxy section */
		AB605B351AD36BB6004CDFB4 /* PBXContainerItemProxy */ = {
			isa = PBXContainerItemProxy;
			containerPortal = AB605B171AD36BB6004CDFB4 /* Project object */;
			proxyType = 1;
			remoteGlobalIDString = AB605B1E1AD36BB6004CDFB4;
			remoteInfo = tips;
		};
/* End PBXContainerItemProxy section */

/* Begin PBXFileReference section */
		AB3D08A11AD3A6B500B370AC /* TipModel.swift */ = {isa = PBXFileReference; fileEncoding = 4; lastKnownFileType = sourcecode.swift; path = TipModel.swift; sourceTree = "<group>"; };
		AB4B56371AD3D629002689CB /* demo.gif */ = {isa = PBXFileReference; lastKnownFileType = image.gif; path = demo.gif; sourceTree = "<group>"; };
		AB4B56391AD3DEE7002689CB /* LICENSE.txt */ = {isa = PBXFileReference; fileEncoding = 4; lastKnownFileType = text; path = LICENSE.txt; sourceTree = "<group>"; };
		AB605B1F1AD36BB6004CDFB4 /* tips.app */ = {isa = PBXFileReference; explicitFileType = wrapper.application; includeInIndex = 0; path = tips.app; sourceTree = BUILT_PRODUCTS_DIR; };
		AB605B231AD36BB6004CDFB4 /* Info.plist */ = {isa = PBXFileReference; lastKnownFileType = text.plist.xml; path = Info.plist; sourceTree = "<group>"; };
		AB605B241AD36BB6004CDFB4 /* AppDelegate.swift */ = {isa = PBXFileReference; lastKnownFileType = sourcecode.swift; path = AppDelegate.swift; sourceTree = "<group>"; };
		AB605B261AD36BB6004CDFB4 /* ViewController.swift */ = {isa = PBXFileReference; lastKnownFileType = sourcecode.swift; path = ViewController.swift; sourceTree = "<group>"; };
		AB605B291AD36BB6004CDFB4 /* Base */ = {isa = PBXFileReference; lastKnownFileType = file.storyboard; name = Base; path = Base.lproj/Main.storyboard; sourceTree = "<group>"; };
		AB605B2B1AD36BB6004CDFB4 /* Images.xcassets */ = {isa = PBXFileReference; lastKnownFileType = folder.assetcatalog; path = Images.xcassets; sourceTree = "<group>"; };
		AB605B2E1AD36BB6004CDFB4 /* Base */ = {isa = PBXFileReference; lastKnownFileType = file.xib; name = Base; path = Base.lproj/LaunchScreen.xib; sourceTree = "<group>"; };
		AB605B341AD36BB6004CDFB4 /* tipsTests.xctest */ = {isa = PBXFileReference; explicitFileType = wrapper.cfbundle; includeInIndex = 0; path = tipsTests.xctest; sourceTree = BUILT_PRODUCTS_DIR; };
		AB605B391AD36BB6004CDFB4 /* Info.plist */ = {isa = PBXFileReference; lastKnownFileType = text.plist.xml; path = Info.plist; sourceTree = "<group>"; };
		AB605B3A1AD36BB6004CDFB4 /* tipsTests.swift */ = {isa = PBXFileReference; lastKnownFileType = sourcecode.swift; path = tipsTests.swift; sourceTree = "<group>"; };
		AB605B441AD379A5004CDFB4 /* SettingsViewController.swift */ = {isa = PBXFileReference; fileEncoding = 4; lastKnownFileType = sourcecode.swift; path = SettingsViewController.swift; sourceTree = "<group>"; };
		AB605B491AD386DB004CDFB4 /* README.md */ = {isa = PBXFileReference; fileEncoding = 4; lastKnownFileType = net.daringfireball.markdown; path = README.md; sourceTree = "<group>"; };
/* End PBXFileReference section */

/* Begin PBXFrameworksBuildPhase section */
		AB605B1C1AD36BB6004CDFB4 /* Frameworks */ = {
			isa = PBXFrameworksBuildPhase;
			buildActionMask = 2147483647;
			files = (
			);
			runOnlyForDeploymentPostprocessing = 0;
		};
		AB605B311AD36BB6004CDFB4 /* Frameworks */ = {
			isa = PBXFrameworksBuildPhase;
			buildActionMask = 2147483647;
			files = (
			);
			runOnlyForDeploymentPostprocessing = 0;
		};
/* End PBXFrameworksBuildPhase section */

/* Begin PBXGroup section */
		AB4B56361AD3B9D2002689CB /* Models */ = {
			isa = PBXGroup;
			children = (
				AB3D08A11AD3A6B500B370AC /* TipModel.swift */,
			);
			name = Models;
			sourceTree = "<group>";
		};
		AB605B161AD36BB6004CDFB4 = {
			isa = PBXGroup;
			children = (
				AB4B56391AD3DEE7002689CB /* LICENSE.txt */,
				AB4B56371AD3D629002689CB /* demo.gif */,
				AB605B491AD386DB004CDFB4 /* README.md */,
				AB605B211AD36BB6004CDFB4 /* tips */,
				AB605B371AD36BB6004CDFB4 /* tipsTests */,
				AB605B201AD36BB6004CDFB4 /* Products */,
			);
			sourceTree = "<group>";
		};
		AB605B201AD36BB6004CDFB4 /* Products */ = {
			isa = PBXGroup;
			children = (
				AB605B1F1AD36BB6004CDFB4 /* tips.app */,
				AB605B341AD36BB6004CDFB4 /* tipsTests.xctest */,
			);
			name = Products;
			sourceTree = "<group>";
		};
		AB605B211AD36BB6004CDFB4 /* tips */ = {
			isa = PBXGroup;
			children = (
				AB4B56361AD3B9D2002689CB /* Models */,
				AB605B461AD379F5004CDFB4 /* View Controllers */,
				AB605B241AD36BB6004CDFB4 /* AppDelegate.swift */,
				AB605B281AD36BB6004CDFB4 /* Main.storyboard */,
				AB605B2B1AD36BB6004CDFB4 /* Images.xcassets */,
				AB605B2D1AD36BB6004CDFB4 /* LaunchScreen.xib */,
				AB605B221AD36BB6004CDFB4 /* Supporting Files */,
			);
			path = tips;
			sourceTree = "<group>";
		};
		AB605B221AD36BB6004CDFB4 /* Supporting Files */ = {
			isa = PBXGroup;
			children = (
				AB605B231AD36BB6004CDFB4 /* Info.plist */,
			);
			name = "Supporting Files";
			sourceTree = "<group>";
		};
		AB605B371AD36BB6004CDFB4 /* tipsTests */ = {
			isa = PBXGroup;
			children = (
				AB605B3A1AD36BB6004CDFB4 /* tipsTests.swift */,
				AB605B381AD36BB6004CDFB4 /* Supporting Files */,
			);
			path = tipsTests;
			sourceTree = "<group>";
		};
		AB605B381AD36BB6004CDFB4 /* Supporting Files */ = {
			isa = PBXGroup;
			children = (
				AB605B391AD36BB6004CDFB4 /* Info.plist */,
			);
			name = "Supporting Files";
			sourceTree = "<group>";
		};
		AB605B461AD379F5004CDFB4 /* View Controllers */ = {
			isa = PBXGroup;
			children = (
				AB605B261AD36BB6004CDFB4 /* ViewController.swift */,
				AB605B441AD379A5004CDFB4 /* SettingsViewController.swift */,
			);
			name = "View Controllers";
			sourceTree = "<group>";
		};
/* End PBXGroup section */

/* Begin PBXNativeTarget section */
		AB605B1E1AD36BB6004CDFB4 /* tips */ = {
			isa = PBXNativeTarget;
			buildConfigurationList = AB605B3E1AD36BB6004CDFB4 /* Build configuration list for PBXNativeTarget "tips" */;
			buildPhases = (
				AB605B1B1AD36BB6004CDFB4 /* Sources */,
				AB605B1C1AD36BB6004CDFB4 /* Frameworks */,
				AB605B1D1AD36BB6004CDFB4 /* Resources */,
			);
			buildRules = (
			);
			dependencies = (
			);
			name = tips;
			productName = tips;
			productReference = AB605B1F1AD36BB6004CDFB4 /* tips.app */;
			productType = "com.apple.product-type.application";
		};
		AB605B331AD36BB6004CDFB4 /* tipsTests */ = {
			isa = PBXNativeTarget;
			buildConfigurationList = AB605B411AD36BB6004CDFB4 /* Build configuration list for PBXNativeTarget "tipsTests" */;
			buildPhases = (
				AB605B301AD36BB6004CDFB4 /* Sources */,
				AB605B311AD36BB6004CDFB4 /* Frameworks */,
				AB605B321AD36BB6004CDFB4 /* Resources */,
			);
			buildRules = (
			);
			dependencies = (
				AB605B361AD36BB6004CDFB4 /* PBXTargetDependency */,
			);
			name = tipsTests;
			productName = tipsTests;
			productReference = AB605B341AD36BB6004CDFB4 /* tipsTests.xctest */;
			productType = "com.apple.product-type.bundle.unit-test";
		};
/* End PBXNativeTarget section */

/* Begin PBXProject section */
		AB605B171AD36BB6004CDFB4 /* Project object */ = {
			isa = PBXProject;
			attributes = {
				LastUpgradeCheck = 0620;
				ORGANIZATIONNAME = "Benjamin Tsai";
				TargetAttributes = {
					AB605B1E1AD36BB6004CDFB4 = {
						CreatedOnToolsVersion = 6.2;
					};
					AB605B331AD36BB6004CDFB4 = {
						CreatedOnToolsVersion = 6.2;
						TestTargetID = AB605B1E1AD36BB6004CDFB4;
					};
				};
			};
			buildConfigurationList = AB605B1A1AD36BB6004CDFB4 /* Build configuration list for PBXProject "tips" */;
			compatibilityVersion = "Xcode 3.2";
			developmentRegion = English;
			hasScannedForEncodings = 0;
			knownRegions = (
				en,
				Base,
			);
			mainGroup = AB605B161AD36BB6004CDFB4;
			productRefGroup = AB605B201AD36BB6004CDFB4 /* Products */;
			projectDirPath = "";
			projectRoot = "";
			targets = (
				AB605B1E1AD36BB6004CDFB4 /* tips */,
				AB605B331AD36BB6004CDFB4 /* tipsTests */,
			);
		};
/* End PBXProject section */

/* Begin PBXResourcesBuildPhase section */
		AB605B1D1AD36BB6004CDFB4 /* Resources */ = {
			isa = PBXResourcesBuildPhase;
			buildActionMask = 2147483647;
			files = (
				AB605B2A1AD36BB6004CDFB4 /* Main.storyboard in Resources */,
				AB4B56381AD3D629002689CB /* demo.gif in Resources */,
				AB605B2F1AD36BB6004CDFB4 /* LaunchScreen.xib in Resources */,
				AB4B563A1AD3DEE7002689CB /* LICENSE.txt in Resources */,
				AB605B2C1AD36BB6004CDFB4 /* Images.xcassets in Resources */,
			);
			runOnlyForDeploymentPostprocessing = 0;
		};
		AB605B321AD36BB6004CDFB4 /* Resources */ = {
			isa = PBXResourcesBuildPhase;
			buildActionMask = 2147483647;
			files = (
			);
			runOnlyForDeploymentPostprocessing = 0;
		};
/* End PBXResourcesBuildPhase section */

/* Begin PBXSourcesBuildPhase section */
		AB605B1B1AD36BB6004CDFB4 /* Sources */ = {
			isa = PBXSourcesBuildPhase;
			buildActionMask = 2147483647;
			files = (
				AB605B271AD36BB6004CDFB4 /* ViewController.swift in Sources */,
				AB605B4A1AD386DB004CDFB4 /* README.md in Sources */,
				AB3D08A21AD3A6B500B370AC /* TipModel.swift in Sources */,
				AB605B251AD36BB6004CDFB4 /* AppDelegate.swift in Sources */,
				AB605B451AD379A5004CDFB4 /* SettingsViewController.swift in Sources */,
			);
			runOnlyForDeploymentPostprocessing = 0;
		};
		AB605B301AD36BB6004CDFB4 /* Sources */ = {
			isa = PBXSourcesBuildPhase;
			buildActionMask = 2147483647;
			files = (
				AB605B3B1AD36BB6004CDFB4 /* tipsTests.swift in Sources */,
			);
			runOnlyForDeploymentPostprocessing = 0;
		};
/* End PBXSourcesBuildPhase section */

/* Begin PBXTargetDependency section */
		AB605B361AD36BB6004CDFB4 /* PBXTargetDependency */ = {
			isa = PBXTargetDependency;
			target = AB605B1E1AD36BB6004CDFB4 /* tips */;
			targetProxy = AB605B351AD36BB6004CDFB4 /* PBXContainerItemProxy */;
		};
/* End PBXTargetDependency section */

/* Begin PBXVariantGroup section */
		AB605B281AD36BB6004CDFB4 /* Main.storyboard */ = {
			isa = PBXVariantGroup;
			children = (
				AB605B291AD36BB6004CDFB4 /* Base */,
			);
			name = Main.storyboard;
			sourceTree = "<group>";
		};
		AB605B2D1AD36BB6004CDFB4 /* LaunchScreen.xib */ = {
			isa = PBXVariantGroup;
			children = (
				AB605B2E1AD36BB6004CDFB4 /* Base */,
			);
			name = LaunchScreen.xib;
			sourceTree = "<group>";
		};
/* End PBXVariantGroup section */

/* Begin XCBuildConfiguration section */
		AB605B3C1AD36BB6004CDFB4 /* Debug */ = {
			isa = XCBuildConfiguration;
			buildSettings = {
				ALWAYS_SEARCH_USER_PATHS = NO;
				CLANG_CXX_LANGUAGE_STANDARD = "gnu++0x";
				CLANG_CXX_LIBRARY = "libc++";
				CLANG_ENABLE_MODULES = YES;
				CLANG_ENABLE_OBJC_ARC = YES;
				CLANG_WARN_BOOL_CONVERSION = YES;
				CLANG_WARN_CONSTANT_CONVERSION = YES;
				CLANG_WARN_DIRECT_OBJC_ISA_USAGE = YES_ERROR;
				CLANG_WARN_EMPTY_BODY = YES;
				CLANG_WARN_ENUM_CONVERSION = YES;
				CLANG_WARN_INT_CONVERSION = YES;
				CLANG_WARN_OBJC_ROOT_CLASS = YES_ERROR;
				CLANG_WARN_UNREACHABLE_CODE = YES;
				CLANG_WARN__DUPLICATE_METHOD_MATCH = YES;
				"CODE_SIGN_IDENTITY[sdk=iphoneos*]" = "iPhone Developer";
				COPY_PHASE_STRIP = NO;
				ENABLE_STRICT_OBJC_MSGSEND = YES;
				GCC_C_LANGUAGE_STANDARD = gnu99;
				GCC_DYNAMIC_NO_PIC = NO;
				GCC_OPTIMIZATION_LEVEL = 0;
				GCC_PREPROCESSOR_DEFINITIONS = (
					"DEBUG=1",
					"$(inherited)",
				);
				GCC_SYMBOLS_PRIVATE_EXTERN = NO;
				GCC_WARN_64_TO_32_BIT_CONVERSION = YES;
				GCC_WARN_ABOUT_RETURN_TYPE = YES_ERROR;
				GCC_WARN_UNDECLARED_SELECTOR = YES;
				GCC_WARN_UNINITIALIZED_AUTOS = YES_AGGRESSIVE;
				GCC_WARN_UNUSED_FUNCTION = YES;
				GCC_WARN_UNUSED_VARIABLE = YES;
				IPHONEOS_DEPLOYMENT_TARGET = 8.2;
				MTL_ENABLE_DEBUG_INFO = YES;
				ONLY_ACTIVE_ARCH = YES;
				SDKROOT = iphoneos;
				SWIFT_OPTIMIZATION_LEVEL = "-Onone";
			};
			name = Debug;
		};
		AB605B3D1AD36BB6004CDFB4 /* Release */ = {
			isa = XCBuildConfiguration;
			buildSettings = {
				ALWAYS_SEARCH_USER_PATHS = NO;
				CLANG_CXX_LANGUAGE_STANDARD = "gnu++0x";
				CLANG_CXX_LIBRARY = "libc++";
				CLANG_ENABLE_MODULES = YES;
				CLANG_ENABLE_OBJC_ARC = YES;
				CLANG_WARN_BOOL_CONVERSION = YES;
				CLANG_WARN_CONSTANT_CONVERSION = YES;
				CLANG_WARN_DIRECT_OBJC_ISA_USAGE = YES_ERROR;
				CLANG_WARN_EMPTY_BODY = YES;
				CLANG_WARN_ENUM_CONVERSION = YES;
				CLANG_WARN_INT_CONVERSION = YES;
				CLANG_WARN_OBJC_ROOT_CLASS = YES_ERROR;
				CLANG_WARN_UNREACHABLE_CODE = YES;
				CLANG_WARN__DUPLICATE_METHOD_MATCH = YES;
				"CODE_SIGN_IDENTITY[sdk=iphoneos*]" = "iPhone Developer";
				COPY_PHASE_STRIP = NO;
				ENABLE_NS_ASSERTIONS = NO;
				ENABLE_STRICT_OBJC_MSGSEND = YES;
				GCC_C_LANGUAGE_STANDARD = gnu99;
				GCC_WARN_64_TO_32_BIT_CONVERSION = YES;
				GCC_WARN_ABOUT_RETURN_TYPE = YES_ERROR;
				GCC_WARN_UNDECLARED_SELECTOR = YES;
				GCC_WARN_UNINITIALIZED_AUTOS = YES_AGGRESSIVE;
				GCC_WARN_UNUSED_FUNCTION = YES;
				GCC_WARN_UNUSED_VARIABLE = YES;
				IPHONEOS_DEPLOYMENT_TARGET = 8.2;
				MTL_ENABLE_DEBUG_INFO = NO;
				SDKROOT = iphoneos;
				VALIDATE_PRODUCT = YES;
			};
			name = Release;
		};
		AB605B3F1AD36BB6004CDFB4 /* Debug */ = {
			isa = XCBuildConfiguration;
			buildSettings = {
				ASSETCATALOG_COMPILER_APPICON_NAME = AppIcon;
				INFOPLIST_FILE = tips/Info.plist;
				IPHONEOS_DEPLOYMENT_TARGET = 7.0;
				LD_RUNPATH_SEARCH_PATHS = "$(inherited) @executable_path/Frameworks";
				PRODUCT_NAME = "$(TARGET_NAME)";
			};
			name = Debug;
		};
		AB605B401AD36BB6004CDFB4 /* Release */ = {
			isa = XCBuildConfiguration;
			buildSettings = {
				ASSETCATALOG_COMPILER_APPICON_NAME = AppIcon;
				INFOPLIST_FILE = tips/Info.plist;
				IPHONEOS_DEPLOYMENT_TARGET = 7.0;
				LD_RUNPATH_SEARCH_PATHS = "$(inherited) @executable_path/Frameworks";
				PRODUCT_NAME = "$(TARGET_NAME)";
			};
			name = Release;
		};
		AB605B421AD36BB6004CDFB4 /* Debug */ = {
			isa = XCBuildConfiguration;
			buildSettings = {
				BUNDLE_LOADER = "$(TEST_HOST)";
				FRAMEWORK_SEARCH_PATHS = (
					"$(SDKROOT)/Developer/Library/Frameworks",
					"$(inherited)",
				);
				GCC_PREPROCESSOR_DEFINITIONS = (
					"DEBUG=1",
					"$(inherited)",
				);
				INFOPLIST_FILE = tipsTests/Info.plist;
				LD_RUNPATH_SEARCH_PATHS = "$(inherited) @executable_path/Frameworks @loader_path/Frameworks";
				PRODUCT_NAME = "$(TARGET_NAME)";
				TEST_HOST = "$(BUILT_PRODUCTS_DIR)/tips.app/tips";
			};
			name = Debug;
		};
		AB605B431AD36BB6004CDFB4 /* Release */ = {
			isa = XCBuildConfiguration;
			buildSettings = {
				BUNDLE_LOADER = "$(TEST_HOST)";
				FRAMEWORK_SEARCH_PATHS = (
					"$(SDKROOT)/Developer/Library/Frameworks",
					"$(inherited)",
				);
				INFOPLIST_FILE = tipsTests/Info.plist;
				LD_RUNPATH_SEARCH_PATHS = "$(inherited) @executable_path/Frameworks @loader_path/Frameworks";
				PRODUCT_NAME = "$(TARGET_NAME)";
				TEST_HOST = "$(BUILT_PRODUCTS_DIR)/tips.app/tips";
			};
			name = Release;
		};
/* End XCBuildConfiguration section */

/* Begin XCConfigurationList section */
		AB605B1A1AD36BB6004CDFB4 /* Build configuration list for PBXProject "tips" */ = {
			isa = XCConfigurationList;
			buildConfigurations = (
				AB605B3C1AD36BB6004CDFB4 /* Debug */,
				AB605B3D1AD36BB6004CDFB4 /* Release */,
			);
			defaultConfigurationIsVisible = 0;
			defaultConfigurationName = Release;
		};
		AB605B3E1AD36BB6004CDFB4 /* Build configuration list for PBXNativeTarget "tips" */ = {
			isa = XCConfigurationList;
			buildConfigurations = (
				AB605B3F1AD36BB6004CDFB4 /* Debug */,
				AB605B401AD36BB6004CDFB4 /* Release */,
			);
			defaultConfigurationIsVisible = 0;
			defaultConfigurationName = Release;
		};
		AB605B411AD36BB6004CDFB4 /* Build configuration list for PBXNativeTarget "tipsTests" */ = {
			isa = XCConfigurationList;
			buildConfigurations = (
				AB605B421AD36BB6004CDFB4 /* Debug */,
				AB605B431AD36BB6004CDFB4 /* Release */,
			);
			defaultConfigurationIsVisible = 0;
			defaultConfigurationName = Release;
		};
/* End XCConfigurationList section */
	};
	rootObject = AB605B171AD36BB6004CDFB4 /* Project object */;
}
